
Microsoft Visual Studio Solution File, Format Version 12.00
# Visual Studio 15
VisualStudioVersion = 15.0.27130.2010
MinimumVisualStudioVersion = 10.0.40219.1
Project("{8BC9CEB8-8B4A-11D0-8D11-00A0C91BC942}") = "TestPQ", "TestPQ\TestPQ.vcxproj", "{11F5CA68-318C-430F-B051-57DB5B5AB000}"
EndProject
Project("{FAE04EC0-301F-11D3-BF4B-00C04F79EFBC}") = "TestPQCSharp", "TestPQCSharp\TestPQCSharp.csproj", "{C587255C-4784-42E6-A463-43E9DEDDDB51}"
EndProject
Project("{FAE04EC0-301F-11D3-BF4B-00C04F79EFBC}") = "TestPQWin", "TestPQWin\TestPQWin.csproj", "{7A6040C8-4974-4F7B-AACA-B4D8E828546E}"
EndProject
Project("{2150E333-8FDC-42A3-9474-1A3956D46DE8}") = "Solution Items", "Solution Items", "{54A1E35E-6A1B-43BD-B425-D416485038B9}"
	ProjectSection(SolutionItems) = preProject
		PQ可以使用的bin.rar = PQ可以使用的bin.rar
		仿真软驱文件传输 库 及 例子.zip = 仿真软驱文件传输 库 及 例子.zip
		说明.txt = 说明.txt
	EndProjectSection
EndProject
Global
	GlobalSection(SolutionConfigurationPlatforms) = preSolution
		Debug|Any CPU = Debug|Any CPU
		Debug|x86 = Debug|x86
		Release|Any CPU = Release|Any CPU
		Release|x86 = Release|x86
	EndGlobalSection
	GlobalSection(ProjectConfigurationPlatforms) = postSolution
		{11F5CA68-318C-430F-B051-57DB5B5AB000}.Debug|Any CPU.ActiveCfg = Debug|Win32
		{11F5CA68-318C-430F-B051-57DB5B5AB000}.Debug|x86.ActiveCfg = Debug|Win32
		{11F5CA68-318C-430F-B051-57DB5B5AB000}.Debug|x86.Build.0 = Debug|Win32
		{11F5CA68-318C-430F-B051-57DB5B5AB000}.Release|Any CPU.ActiveCfg = Release|Win32
		{11F5CA68-318C-430F-B051-57DB5B5AB000}.Release|x86.ActiveCfg = Release|Win32
		{11F5CA68-318C-430F-B051-57DB5B5AB000}.Release|x86.Build.0 = Release|Win32
		{C587255C-4784-42E6-A463-43E9DEDDDB51}.Debug|Any CPU.ActiveCfg = Debug|Any CPU
		{C587255C-4784-42E6-A463-43E9DEDDDB51}.Debug|Any CPU.Build.0 = Debug|Any CPU
		{C587255C-4784-42E6-A463-43E9DEDDDB51}.Debug|x86.ActiveCfg = Debug|Any CPU
		{C587255C-4784-42E6-A463-43E9DEDDDB51}.Debug|x86.Build.0 = Debug|Any CPU
		{C587255C-4784-42E6-A463-43E9DEDDDB51}.Release|Any CPU.ActiveCfg = Release|Any CPU
		{C587255C-4784-42E6-A463-43E9DEDDDB51}.Release|Any CPU.Build.0 = Release|Any CPU
		{C587255C-4784-42E6-A463-43E9DEDDDB51}.Release|x86.ActiveCfg = Release|Any CPU
		{C587255C-4784-42E6-A463-43E9DEDDDB51}.Release|x86.Build.0 = Release|Any CPU
		{7A6040C8-4974-4F7B-AACA-B4D8E828546E}.Debug|Any CPU.ActiveCfg = Debug|Any CPU
		{7A6040C8-4974-4F7B-AACA-B4D8E828546E}.Debug|Any CPU.Build.0 = Debug|Any CPU
		{7A6040C8-4974-4F7B-AACA-B4D8E828546E}.Debug|x86.ActiveCfg = Debug|Any CPU
		{7A6040C8-4974-4F7B-AACA-B4D8E828546E}.Debug|x86.Build.0 = Debug|Any CPU
		{7A6040C8-4974-4F7B-AACA-B4D8E828546E}.Release|Any CPU.ActiveCfg = Release|Any CPU
		{7A6040C8-4974-4F7B-AACA-B4D8E828546E}.Release|Any CPU.Build.0 = Release|Any CPU
		{7A6040C8-4974-4F7B-AACA-B4D8E828546E}.Release|x86.ActiveCfg = Release|Any CPU
		{7A6040C8-4974-4F7B-AACA-B4D8E828546E}.Release|x86.Build.0 = Release|Any CPU
	EndGlobalSection
	GlobalSection(SolutionProperties) = preSolution
		HideSolutionNode = FALSE
	EndGlobalSection
	GlobalSection(ExtensibilityGlobals) = postSolution
		SolutionGuid = {491911D2-05CA-46CA-B143-18FE8873071C}
	EndGlobalSection
EndGlobal
